
Microsoft Visual Studio Solution File, Format Version 12.00
# Visual Studio Version 17
VisualStudioVersion = 17.2.32616.157
MinimumVisualStudioVersion = 10.0.40219.1
Project("{FAE04EC0-301F-11D3-BF4B-00C04F79EFBC}") = "İkinciUygulama", "İkinciUygulama\İkinciUygulama.csproj", "{8EAC9B10-9859-42F9-9BC4-E7670F551AD8}"
EndProject
Global
	GlobalSection(SolutionConfigurationPlatforms) = preSolution
		Debug|Any CPU = Debug|Any CPU
		Release|Any CPU = Release|Any CPU
	EndGlobalSection
	GlobalSection(ProjectConfigurationPlatforms) = postSolution
		{8EAC9B10-9859-42F9-9BC4-E7670F551AD8}.Debug|Any CPU.ActiveCfg = Debug|Any CPU
		{8EAC9B10-9859-42F9-9BC4-E7670F551AD8}.Debug|Any CPU.Build.0 = Debug|Any CPU
		{8EAC9B10-9859-42F9-9BC4-E7670F551AD8}.Release|Any CPU.ActiveCfg = Release|Any CPU
		{8EAC9B10-9859-42F9-9BC4-E7670F551AD8}.Release|Any CPU.Build.0 = Release|Any CPU
	EndGlobalSection
	GlobalSection(SolutionProperties) = preSolution
		HideSolutionNode = FALSE
	EndGlobalSection
	GlobalSection(ExtensibilityGlobals) = postSolution
		SolutionGuid = {EC7D2A64-9AF6-4A40-961B-FAC2DFCEE969}
	EndGlobalSection
EndGlobal
